
Microsoft Visual Studio Solution File, Format Version 12.00
# Visual Studio 2013
VisualStudioVersion = 12.0.31101.0
MinimumVisualStudioVersion = 10.0.40219.1
Project("{FAE04EC0-301F-11D3-BF4B-00C04F79EFBC}") = "InfoDisplay.Gui", "InfoDisplay.Gui\InfoDisplay.Gui.csproj", "{6EC96444-62E0-4D69-B580-C48D9913DF66}"
EndProject
Project("{FAE04EC0-301F-11D3-BF4B-00C04F79EFBC}") = "InfoDisplay.Common", "InfoDisplay.Common\InfoDisplay.Common.csproj", "{82DAB698-27CD-404B-832E-3BA24F5EC867}"
EndProject
Project("{FAE04EC0-301F-11D3-BF4B-00C04F79EFBC}") = "InfoDisplay.Common.Test", "InfoDisplay.Common.Test\InfoDisplay.Common.Test.csproj", "{80720357-AEFB-4941-B8E0-7F5BE8151DAB}"
EndProject
Project("{FAE04EC0-301F-11D3-BF4B-00C04F79EFBC}") = "InfoDisplay.WeatherService", "InfoDisplay.WeatherService\InfoDisplay.WeatherService.csproj", "{80DA573C-F875-42A5-B900-54002589037F}"
EndProject
Project("{FAE04EC0-301F-11D3-BF4B-00C04F79EFBC}") = "InfoDisplay.Shell", "InfoDisplay.Shell\InfoDisplay.Shell.csproj", "{3CC7ECCF-342D-4327-B531-5CFC1EAA796F}"
EndProject
Project("{FAE04EC0-301F-11D3-BF4B-00C04F79EFBC}") = "InfoDisplay.SystemStatsService", "InfoDisplay.SystemStatsService\InfoDisplay.SystemStatsService.csproj", "{64C6DBF4-53CE-4CEB-BFB1-5367DAE02B61}"
EndProject
Global
	GlobalSection(SolutionConfigurationPlatforms) = preSolution
		Debug|Any CPU = Debug|Any CPU
		Release|Any CPU = Release|Any CPU
	EndGlobalSection
	GlobalSection(ProjectConfigurationPlatforms) = postSolution
		{6EC96444-62E0-4D69-B580-C48D9913DF66}.Debug|Any CPU.ActiveCfg = Debug|Any CPU
		{6EC96444-62E0-4D69-B580-C48D9913DF66}.Debug|Any CPU.Build.0 = Debug|Any CPU
		{6EC96444-62E0-4D69-B580-C48D9913DF66}.Release|Any CPU.ActiveCfg = Release|Any CPU
		{6EC96444-62E0-4D69-B580-C48D9913DF66}.Release|Any CPU.Build.0 = Release|Any CPU
		{82DAB698-27CD-404B-832E-3BA24F5EC867}.Debug|Any CPU.ActiveCfg = Debug|Any CPU
		{82DAB698-27CD-404B-832E-3BA24F5EC867}.Debug|Any CPU.Build.0 = Debug|Any CPU
		{82DAB698-27CD-404B-832E-3BA24F5EC867}.Release|Any CPU.ActiveCfg = Release|Any CPU
		{82DAB698-27CD-404B-832E-3BA24F5EC867}.Release|Any CPU.Build.0 = Release|Any CPU
		{80720357-AEFB-4941-B8E0-7F5BE8151DAB}.Debug|Any CPU.ActiveCfg = Debug|Any CPU
		{80720357-AEFB-4941-B8E0-7F5BE8151DAB}.Debug|Any CPU.Build.0 = Debug|Any CPU
		{80720357-AEFB-4941-B8E0-7F5BE8151DAB}.Release|Any CPU.ActiveCfg = Release|Any CPU
		{80720357-AEFB-4941-B8E0-7F5BE8151DAB}.Release|Any CPU.Build.0 = Release|Any CPU
		{80DA573C-F875-42A5-B900-54002589037F}.Debug|Any CPU.ActiveCfg = Debug|Any CPU
		{80DA573C-F875-42A5-B900-54002589037F}.Debug|Any CPU.Build.0 = Debug|Any CPU
		{80DA573C-F875-42A5-B900-54002589037F}.Release|Any CPU.ActiveCfg = Release|Any CPU
		{80DA573C-F875-42A5-B900-54002589037F}.Release|Any CPU.Build.0 = Release|Any CPU
		{3CC7ECCF-342D-4327-B531-5CFC1EAA796F}.Debug|Any CPU.ActiveCfg = Debug|Any CPU
		{3CC7ECCF-342D-4327-B531-5CFC1EAA796F}.Debug|Any CPU.Build.0 = Debug|Any CPU
		{3CC7ECCF-342D-4327-B531-5CFC1EAA796F}.Release|Any CPU.ActiveCfg = Release|Any CPU
		{3CC7ECCF-342D-4327-B531-5CFC1EAA796F}.Release|Any CPU.Build.0 = Release|Any CPU
		{64C6DBF4-53CE-4CEB-BFB1-5367DAE02B61}.Debug|Any CPU.ActiveCfg = Debug|Any CPU
		{64C6DBF4-53CE-4CEB-BFB1-5367DAE02B61}.Debug|Any CPU.Build.0 = Debug|Any CPU
		{64C6DBF4-53CE-4CEB-BFB1-5367DAE02B61}.Release|Any CPU.ActiveCfg = Release|Any CPU
		{64C6DBF4-53CE-4CEB-BFB1-5367DAE02B61}.Release|Any CPU.Build.0 = Release|Any CPU
	EndGlobalSection
	GlobalSection(SolutionProperties) = preSolution
		HideSolutionNode = FALSE
	EndGlobalSection
EndGlobal
